
Microsoft Visual Studio Solution File, Format Version 12.00
# Visual Studio 2013
VisualStudioVersion = 12.0.31101.0
MinimumVisualStudioVersion = 10.0.40219.1
Project("{FAE04EC0-301F-11D3-BF4B-00C04F79EFBC}") = "CleanDirectories", "CleanDirectories\CleanDirectories.csproj", "{C04B7C44-CEF3-4966-9688-5E2B9656150C}"
EndProject
Project("{FAE04EC0-301F-11D3-BF4B-00C04F79EFBC}") = "GoogleIt", "GoogleIt\GoogleIt.csproj", "{44254DB7-F92D-48DE-9AFF-BB75C8CCF087}"
EndProject
Project("{FAE04EC0-301F-11D3-BF4B-00C04F79EFBC}") = ".nuget", ".nuget\.nuget.csproj", "{F964E9A5-76E4-4D78-90E8-3ABE0A6B46EA}"
EndProject
Project("{FAE04EC0-301F-11D3-BF4B-00C04F79EFBC}") = ".shared", ".shared\.shared.csproj", "{728D21C0-21BD-4FC0-85BF-B970904158B3}"
EndProject
Project("{FAE04EC0-301F-11D3-BF4B-00C04F79EFBC}") = "RegexEscape", "RegexEscape\RegexEscape.csproj", "{F5C04180-A329-432D-8AAA-8D4534E3D198}"
EndProject
Project("{2150E333-8FDC-42A3-9474-1A3956D46DE8}") = "Solution Items", "Solution Items", "{33EBA6B1-CB66-41EE-93B1-3F0A7C5AC71C}"
	ProjectSection(SolutionItems) = preProject
		.gitattributes = .gitattributes
		.gitignore = .gitignore
	EndProjectSection
EndProject
Global
	GlobalSection(SolutionConfigurationPlatforms) = preSolution
		Debug|Any CPU = Debug|Any CPU
	EndGlobalSection
	GlobalSection(ProjectConfigurationPlatforms) = postSolution
		{C04B7C44-CEF3-4966-9688-5E2B9656150C}.Debug|Any CPU.ActiveCfg = Debug|x86
		{C04B7C44-CEF3-4966-9688-5E2B9656150C}.Debug|Any CPU.Build.0 = Debug|x86
		{44254DB7-F92D-48DE-9AFF-BB75C8CCF087}.Debug|Any CPU.ActiveCfg = Debug|x86
		{44254DB7-F92D-48DE-9AFF-BB75C8CCF087}.Debug|Any CPU.Build.0 = Debug|x86
		{F964E9A5-76E4-4D78-90E8-3ABE0A6B46EA}.Debug|Any CPU.ActiveCfg = Debug|x86
		{728D21C0-21BD-4FC0-85BF-B970904158B3}.Debug|Any CPU.ActiveCfg = Debug|x86
		{F5C04180-A329-432D-8AAA-8D4534E3D198}.Debug|Any CPU.ActiveCfg = Debug|x86
		{F5C04180-A329-432D-8AAA-8D4534E3D198}.Debug|Any CPU.Build.0 = Debug|x86
	EndGlobalSection
	GlobalSection(SolutionProperties) = preSolution
		HideSolutionNode = FALSE
	EndGlobalSection
EndGlobal
