
Microsoft Visual Studio Solution File, Format Version 12.00
# Visual Studio 2013
VisualStudioVersion = 12.0.31101.0
MinimumVisualStudioVersion = 10.0.40219.1
Project("{FAE04EC0-301F-11D3-BF4B-00C04F79EFBC}") = ".nuget", ".nuget\.nuget.csproj", "{F964E9A5-76E4-4D78-90E8-3ABE0A6B46EA}"
EndProject
Project("{FAE04EC0-301F-11D3-BF4B-00C04F79EFBC}") = ".shared", ".shared\.shared.csproj", "{728D21C0-21BD-4FC0-85BF-B970904158B3}"
EndProject
Project("{FAE04EC0-301F-11D3-BF4B-00C04F79EFBC}") = "_EverythingTest", "_EverythingTest\_EverythingTest.csproj", "{E48CA38E-5297-43C0-ADEA-8E4E48BF2B18}"
EndProject
Project("{FAE04EC0-301F-11D3-BF4B-00C04F79EFBC}") = "CleanDirectories", "CleanDirectories\CleanDirectories.csproj", "{F6BBC083-1659-4B83-9A1B-A3AACE99DF95}"
EndProject
Project("{FAE04EC0-301F-11D3-BF4B-00C04F79EFBC}") = "GoogleIt", "GoogleIt\GoogleIt.csproj", "{CC5A1F70-F427-4FD6-9D70-CD68CBDA2E68}"
EndProject
Project("{FAE04EC0-301F-11D3-BF4B-00C04F79EFBC}") = "RegexExcape", "RegexExcape\RegexExcape.csproj", "{7412EF58-3F97-4EDA-8764-57FF6F4A3E8A}"
EndProject
Project("{FAE04EC0-301F-11D3-BF4B-00C04F79EFBC}") = "SetAppSetting", "SetAppSetting\SetAppSetting.csproj", "{20F4D314-8DD8-4F95-B795-38AAB13DB7D0}"
EndProject
Project("{FAE04EC0-301F-11D3-BF4B-00C04F79EFBC}") = "GetAppSetting", "GetAppSetting\GetAppSetting.csproj", "{064509E0-CD59-4A44-8AE4-D22AD9321575}"
EndProject
Project("{FAE04EC0-301F-11D3-BF4B-00C04F79EFBC}") = "ToggleHiddenFolders", "ToggleHiddenFolders\ToggleHiddenFolders.csproj", "{9AA6201D-F565-4130-85B8-86F1E950A57F}"
EndProject
Project("{FAE04EC0-301F-11D3-BF4B-00C04F79EFBC}") = "MkNewCmd", "MkNewCmd\MkNewCmd.csproj", "{668294A7-C374-4A46-BFF6-C73A581B1C3F}"
EndProject
Project("{FAE04EC0-301F-11D3-BF4B-00C04F79EFBC}") = "RegIO", "RegIO\RegIO.csproj", "{A084BC6D-2AAF-4E0D-975E-C69132A32869}"
EndProject
Global
	GlobalSection(SolutionConfigurationPlatforms) = preSolution
		Debug|Any CPU = Debug|Any CPU
		Debug|Mixed Platforms = Debug|Mixed Platforms
		Release|Any CPU = Release|Any CPU
		Release|Mixed Platforms = Release|Mixed Platforms
	EndGlobalSection
	GlobalSection(ProjectConfigurationPlatforms) = postSolution
		{F964E9A5-76E4-4D78-90E8-3ABE0A6B46EA}.Debug|Any CPU.ActiveCfg = Debug|Any CPU
		{F964E9A5-76E4-4D78-90E8-3ABE0A6B46EA}.Debug|Any CPU.Build.0 = Debug|Any CPU
		{F964E9A5-76E4-4D78-90E8-3ABE0A6B46EA}.Debug|Mixed Platforms.ActiveCfg = Debug|Any CPU
		{F964E9A5-76E4-4D78-90E8-3ABE0A6B46EA}.Debug|Mixed Platforms.Build.0 = Debug|Any CPU
		{F964E9A5-76E4-4D78-90E8-3ABE0A6B46EA}.Release|Any CPU.ActiveCfg = Debug|Any CPU
		{F964E9A5-76E4-4D78-90E8-3ABE0A6B46EA}.Release|Any CPU.Build.0 = Debug|Any CPU
		{F964E9A5-76E4-4D78-90E8-3ABE0A6B46EA}.Release|Mixed Platforms.ActiveCfg = Debug|Any CPU
		{F964E9A5-76E4-4D78-90E8-3ABE0A6B46EA}.Release|Mixed Platforms.Build.0 = Debug|Any CPU
		{728D21C0-21BD-4FC0-85BF-B970904158B3}.Debug|Any CPU.ActiveCfg = Debug|Any CPU
		{728D21C0-21BD-4FC0-85BF-B970904158B3}.Debug|Any CPU.Build.0 = Debug|Any CPU
		{728D21C0-21BD-4FC0-85BF-B970904158B3}.Debug|Mixed Platforms.ActiveCfg = Debug|Any CPU
		{728D21C0-21BD-4FC0-85BF-B970904158B3}.Debug|Mixed Platforms.Build.0 = Debug|Any CPU
		{728D21C0-21BD-4FC0-85BF-B970904158B3}.Release|Any CPU.ActiveCfg = Debug|Any CPU
		{728D21C0-21BD-4FC0-85BF-B970904158B3}.Release|Any CPU.Build.0 = Debug|Any CPU
		{728D21C0-21BD-4FC0-85BF-B970904158B3}.Release|Mixed Platforms.ActiveCfg = Debug|Any CPU
		{728D21C0-21BD-4FC0-85BF-B970904158B3}.Release|Mixed Platforms.Build.0 = Debug|Any CPU
		{E48CA38E-5297-43C0-ADEA-8E4E48BF2B18}.Debug|Any CPU.ActiveCfg = Debug|Any CPU
		{E48CA38E-5297-43C0-ADEA-8E4E48BF2B18}.Debug|Any CPU.Build.0 = Debug|Any CPU
		{E48CA38E-5297-43C0-ADEA-8E4E48BF2B18}.Debug|Mixed Platforms.ActiveCfg = Debug|Any CPU
		{E48CA38E-5297-43C0-ADEA-8E4E48BF2B18}.Debug|Mixed Platforms.Build.0 = Debug|Any CPU
		{E48CA38E-5297-43C0-ADEA-8E4E48BF2B18}.Release|Any CPU.ActiveCfg = Release|Any CPU
		{E48CA38E-5297-43C0-ADEA-8E4E48BF2B18}.Release|Any CPU.Build.0 = Release|Any CPU
		{E48CA38E-5297-43C0-ADEA-8E4E48BF2B18}.Release|Mixed Platforms.ActiveCfg = Release|Any CPU
		{E48CA38E-5297-43C0-ADEA-8E4E48BF2B18}.Release|Mixed Platforms.Build.0 = Release|Any CPU
		{F6BBC083-1659-4B83-9A1B-A3AACE99DF95}.Debug|Any CPU.ActiveCfg = Debug|Any CPU
		{F6BBC083-1659-4B83-9A1B-A3AACE99DF95}.Debug|Any CPU.Build.0 = Debug|Any CPU
		{F6BBC083-1659-4B83-9A1B-A3AACE99DF95}.Debug|Mixed Platforms.ActiveCfg = Debug|Any CPU
		{F6BBC083-1659-4B83-9A1B-A3AACE99DF95}.Debug|Mixed Platforms.Build.0 = Debug|Any CPU
		{F6BBC083-1659-4B83-9A1B-A3AACE99DF95}.Release|Any CPU.ActiveCfg = Release|Any CPU
		{F6BBC083-1659-4B83-9A1B-A3AACE99DF95}.Release|Any CPU.Build.0 = Release|Any CPU
		{F6BBC083-1659-4B83-9A1B-A3AACE99DF95}.Release|Mixed Platforms.ActiveCfg = Release|Any CPU
		{F6BBC083-1659-4B83-9A1B-A3AACE99DF95}.Release|Mixed Platforms.Build.0 = Release|Any CPU
		{CC5A1F70-F427-4FD6-9D70-CD68CBDA2E68}.Debug|Any CPU.ActiveCfg = Debug|Any CPU
		{CC5A1F70-F427-4FD6-9D70-CD68CBDA2E68}.Debug|Any CPU.Build.0 = Debug|Any CPU
		{CC5A1F70-F427-4FD6-9D70-CD68CBDA2E68}.Debug|Mixed Platforms.ActiveCfg = Debug|Any CPU
		{CC5A1F70-F427-4FD6-9D70-CD68CBDA2E68}.Debug|Mixed Platforms.Build.0 = Debug|Any CPU
		{CC5A1F70-F427-4FD6-9D70-CD68CBDA2E68}.Release|Any CPU.ActiveCfg = Release|Any CPU
		{CC5A1F70-F427-4FD6-9D70-CD68CBDA2E68}.Release|Any CPU.Build.0 = Release|Any CPU
		{CC5A1F70-F427-4FD6-9D70-CD68CBDA2E68}.Release|Mixed Platforms.ActiveCfg = Release|Any CPU
		{CC5A1F70-F427-4FD6-9D70-CD68CBDA2E68}.Release|Mixed Platforms.Build.0 = Release|Any CPU
		{7412EF58-3F97-4EDA-8764-57FF6F4A3E8A}.Debug|Any CPU.ActiveCfg = Debug|Any CPU
		{7412EF58-3F97-4EDA-8764-57FF6F4A3E8A}.Debug|Any CPU.Build.0 = Debug|Any CPU
		{7412EF58-3F97-4EDA-8764-57FF6F4A3E8A}.Debug|Mixed Platforms.ActiveCfg = Debug|Any CPU
		{7412EF58-3F97-4EDA-8764-57FF6F4A3E8A}.Debug|Mixed Platforms.Build.0 = Debug|Any CPU
		{7412EF58-3F97-4EDA-8764-57FF6F4A3E8A}.Release|Any CPU.ActiveCfg = Release|Any CPU
		{7412EF58-3F97-4EDA-8764-57FF6F4A3E8A}.Release|Any CPU.Build.0 = Release|Any CPU
		{7412EF58-3F97-4EDA-8764-57FF6F4A3E8A}.Release|Mixed Platforms.ActiveCfg = Release|Any CPU
		{7412EF58-3F97-4EDA-8764-57FF6F4A3E8A}.Release|Mixed Platforms.Build.0 = Release|Any CPU
		{20F4D314-8DD8-4F95-B795-38AAB13DB7D0}.Debug|Any CPU.ActiveCfg = Debug|Any CPU
		{20F4D314-8DD8-4F95-B795-38AAB13DB7D0}.Debug|Any CPU.Build.0 = Debug|Any CPU
		{20F4D314-8DD8-4F95-B795-38AAB13DB7D0}.Debug|Mixed Platforms.ActiveCfg = Debug|Any CPU
		{20F4D314-8DD8-4F95-B795-38AAB13DB7D0}.Debug|Mixed Platforms.Build.0 = Debug|Any CPU
		{20F4D314-8DD8-4F95-B795-38AAB13DB7D0}.Release|Any CPU.ActiveCfg = Release|Any CPU
		{20F4D314-8DD8-4F95-B795-38AAB13DB7D0}.Release|Any CPU.Build.0 = Release|Any CPU
		{20F4D314-8DD8-4F95-B795-38AAB13DB7D0}.Release|Mixed Platforms.ActiveCfg = Release|Any CPU
		{20F4D314-8DD8-4F95-B795-38AAB13DB7D0}.Release|Mixed Platforms.Build.0 = Release|Any CPU
		{064509E0-CD59-4A44-8AE4-D22AD9321575}.Debug|Any CPU.ActiveCfg = Debug|Any CPU
		{064509E0-CD59-4A44-8AE4-D22AD9321575}.Debug|Any CPU.Build.0 = Debug|Any CPU
		{064509E0-CD59-4A44-8AE4-D22AD9321575}.Debug|Mixed Platforms.ActiveCfg = Debug|Any CPU
		{064509E0-CD59-4A44-8AE4-D22AD9321575}.Debug|Mixed Platforms.Build.0 = Debug|Any CPU
		{064509E0-CD59-4A44-8AE4-D22AD9321575}.Release|Any CPU.ActiveCfg = Release|Any CPU
		{064509E0-CD59-4A44-8AE4-D22AD9321575}.Release|Any CPU.Build.0 = Release|Any CPU
		{064509E0-CD59-4A44-8AE4-D22AD9321575}.Release|Mixed Platforms.ActiveCfg = Release|Any CPU
		{064509E0-CD59-4A44-8AE4-D22AD9321575}.Release|Mixed Platforms.Build.0 = Release|Any CPU
		{9AA6201D-F565-4130-85B8-86F1E950A57F}.Debug|Any CPU.ActiveCfg = Debug|Any CPU
		{9AA6201D-F565-4130-85B8-86F1E950A57F}.Debug|Any CPU.Build.0 = Debug|Any CPU
		{9AA6201D-F565-4130-85B8-86F1E950A57F}.Debug|Mixed Platforms.ActiveCfg = Debug|Any CPU
		{9AA6201D-F565-4130-85B8-86F1E950A57F}.Debug|Mixed Platforms.Build.0 = Debug|Any CPU
		{9AA6201D-F565-4130-85B8-86F1E950A57F}.Release|Any CPU.ActiveCfg = Release|Any CPU
		{9AA6201D-F565-4130-85B8-86F1E950A57F}.Release|Any CPU.Build.0 = Release|Any CPU
		{9AA6201D-F565-4130-85B8-86F1E950A57F}.Release|Mixed Platforms.ActiveCfg = Release|Any CPU
		{9AA6201D-F565-4130-85B8-86F1E950A57F}.Release|Mixed Platforms.Build.0 = Release|Any CPU
		{668294A7-C374-4A46-BFF6-C73A581B1C3F}.Debug|Any CPU.ActiveCfg = Debug|Any CPU
		{668294A7-C374-4A46-BFF6-C73A581B1C3F}.Debug|Any CPU.Build.0 = Debug|Any CPU
		{668294A7-C374-4A46-BFF6-C73A581B1C3F}.Debug|Mixed Platforms.ActiveCfg = Debug|Any CPU
		{668294A7-C374-4A46-BFF6-C73A581B1C3F}.Debug|Mixed Platforms.Build.0 = Debug|Any CPU
		{668294A7-C374-4A46-BFF6-C73A581B1C3F}.Release|Any CPU.ActiveCfg = Release|Any CPU
		{668294A7-C374-4A46-BFF6-C73A581B1C3F}.Release|Any CPU.Build.0 = Release|Any CPU
		{668294A7-C374-4A46-BFF6-C73A581B1C3F}.Release|Mixed Platforms.ActiveCfg = Release|Any CPU
		{668294A7-C374-4A46-BFF6-C73A581B1C3F}.Release|Mixed Platforms.Build.0 = Release|Any CPU
		{A084BC6D-2AAF-4E0D-975E-C69132A32869}.Debug|Any CPU.ActiveCfg = Debug|Any CPU
		{A084BC6D-2AAF-4E0D-975E-C69132A32869}.Debug|Any CPU.Build.0 = Debug|Any CPU
		{A084BC6D-2AAF-4E0D-975E-C69132A32869}.Debug|Mixed Platforms.ActiveCfg = Debug|Any CPU
		{A084BC6D-2AAF-4E0D-975E-C69132A32869}.Debug|Mixed Platforms.Build.0 = Debug|Any CPU
		{A084BC6D-2AAF-4E0D-975E-C69132A32869}.Release|Any CPU.ActiveCfg = Release|Any CPU
		{A084BC6D-2AAF-4E0D-975E-C69132A32869}.Release|Any CPU.Build.0 = Release|Any CPU
		{A084BC6D-2AAF-4E0D-975E-C69132A32869}.Release|Mixed Platforms.ActiveCfg = Release|Any CPU
		{A084BC6D-2AAF-4E0D-975E-C69132A32869}.Release|Mixed Platforms.Build.0 = Release|Any CPU
	EndGlobalSection
	GlobalSection(SolutionProperties) = preSolution
		HideSolutionNode = FALSE
	EndGlobalSection
EndGlobal
